
Microsoft Visual Studio Solution File, Format Version 12.00
# Visual Studio Version 16
VisualStudioVersion = 16.0.31729.503
MinimumVisualStudioVersion = 10.0.40219.1
Project("{FAE04EC0-301F-11D3-BF4B-00C04F79EFBC}") = "ConsoleApp", "ConsoleApp.csproj", "{113A58BD-409A-4CEB-945D-AAEC69594E55}"
EndProject
Global
	GlobalSection(SolutionConfigurationPlatforms) = preSolution
		Debug|Any CPU = Debug|Any CPU
		Release|Any CPU = Release|Any CPU
	EndGlobalSection
	GlobalSection(ProjectConfigurationPlatforms) = postSolution
		{113A58BD-409A-4CEB-945D-AAEC69594E55}.Debug|Any CPU.ActiveCfg = Debug|Any CPU
		{113A58BD-409A-4CEB-945D-AAEC69594E55}.Debug|Any CPU.Build.0 = Debug|Any CPU
		{113A58BD-409A-4CEB-945D-AAEC69594E55}.Release|Any CPU.ActiveCfg = Release|Any CPU
		{113A58BD-409A-4CEB-945D-AAEC69594E55}.Release|Any CPU.Build.0 = Release|Any CPU
	EndGlobalSection
	GlobalSection(SolutionProperties) = preSolution
		HideSolutionNode = FALSE
	EndGlobalSection
	GlobalSection(ExtensibilityGlobals) = postSolution
		SolutionGuid = {C0FCCFFE-0639-45FC-BE88-E5E143DD7F21}
	EndGlobalSection
EndGlobal
